// !$*UTF8*$!
{
	archiveVersion = 1;
	classes = {
	};
	objectVersion = 50;
	objects = {

/* Begin PBXBuildFile section */
		6A8B41AE887024531349F98A /* Pods_RealmExample.framework in Frameworks */ = {isa = PBXBuildFile; fileRef = 7C4960883502AD9726D1C1F1 /* Pods_RealmExample.framework */; };
		C59F1FF9259C82E400D86E5D /* AppDelegate.swift in Sources */ = {isa = PBXBuildFile; fileRef = C59F1FF8259C82E400D86E5D /* AppDelegate.swift */; };
		C59F1FFB259C82E400D86E5D /* SceneDelegate.swift in Sources */ = {isa = PBXBuildFile; fileRef = C59F1FFA259C82E400D86E5D /* SceneDelegate.swift */; };
		C59F1FFD259C82E400D86E5D /* ViewController.swift in Sources */ = {isa = PBXBuildFile; fileRef = C59F1FFC259C82E400D86E5D /* ViewController.swift */; };
		C59F2000259C82E400D86E5D /* Main.storyboard in Resources */ = {isa = PBXBuildFile; fileRef = C59F1FFE259C82E400D86E5D /* Main.storyboard */; };
		C59F2002259C82E400D86E5D /* Assets.xcassets in Resources */ = {isa = PBXBuildFile; fileRef = C59F2001259C82E400D86E5D /* Assets.xcassets */; };
		C59F2005259C82E400D86E5D /* LaunchScreen.storyboard in Resources */ = {isa = PBXBuildFile; fileRef = C59F2003259C82E400D86E5D /* LaunchScreen.storyboard */; };
/* End PBXBuildFile section */

/* Begin PBXFileReference section */
		21E9145D280F8F62E6BF6F5C /* Pods-RealmExample.release.xcconfig */ = {isa = PBXFileReference; includeInIndex = 1; lastKnownFileType = text.xcconfig; name = "Pods-RealmExample.release.xcconfig"; path = "Target Support Files/Pods-RealmExample/Pods-RealmExample.release.xcconfig"; sourceTree = "<group>"; };
		439E2521A0B90F908219CFD2 /* Pods-RealmExample.debug.xcconfig */ = {isa = PBXFileReference; includeInIndex = 1; lastKnownFileType = text.xcconfig; name = "Pods-RealmExample.debug.xcconfig"; path = "Target Support Files/Pods-RealmExample/Pods-RealmExample.debug.xcconfig"; sourceTree = "<group>"; };
		7C4960883502AD9726D1C1F1 /* Pods_RealmExample.framework */ = {isa = PBXFileReference; explicitFileType = wrapper.framework; includeInIndex = 0; path = Pods_RealmExample.framework; sourceTree = BUILT_PRODUCTS_DIR; };
		C59F1FF5259C82E400D86E5D /* RealmExample.app */ = {isa = PBXFileReference; explicitFileType = wrapper.application; includeInIndex = 0; path = RealmExample.app; sourceTree = BUILT_PRODUCTS_DIR; };
		C59F1FF8259C82E400D86E5D /* AppDelegate.swift */ = {isa = PBXFileReference; lastKnownFileType = sourcecode.swift; path = AppDelegate.swift; sourceTree = "<group>"; };
		C59F1FFA259C82E400D86E5D /* SceneDelegate.swift */ = {isa = PBXFileReference; lastKnownFileType = sourcecode.swift; path = SceneDelegate.swift; sourceTree = "<group>"; };
		C59F1FFC259C82E400D86E5D /* ViewController.swift */ = {isa = PBXFileReference; lastKnownFileType = sourcecode.swift; path = ViewController.swift; sourceTree = "<group>"; };
		C59F1FFF259C82E400D86E5D /* Base */ = {isa = PBXFileReference; lastKnownFileType = file.storyboard; name = Base; path = Base.lproj/Main.storyboard; sourceTree = "<group>"; };
		C59F2001259C82E400D86E5D /* Assets.xcassets */ = {isa = PBXFileReference; lastKnownFileType = folder.assetcatalog; path = Assets.xcassets; sourceTree = "<group>"; };
		C59F2004259C82E400D86E5D /* Base */ = {isa = PBXFileReference; lastKnownFileType = file.storyboard; name = Base; path = Base.lproj/LaunchScreen.storyboard; sourceTree = "<group>"; };
		C59F2006259C82E400D86E5D /* Info.plist */ = {isa = PBXFileReference; lastKnownFileType = text.plist.xml; path = Info.plist; sourceTree = "<group>"; };
/* End PBXFileReference section */

/* Begin PBXFrameworksBuildPhase section */
		C59F1FF2259C82E400D86E5D /* Frameworks */ = {
			isa = PBXFrameworksBuildPhase;
			buildActionMask = 2147483647;
			files = (
				6A8B41AE887024531349F98A /* Pods_RealmExample.framework in Frameworks */,
			);
			runOnlyForDeploymentPostprocessing = 0;
		};
/* End PBXFrameworksBuildPhase section */

/* Begin PBXGroup section */
		02290020BE392D8F04A5D8E4 /* Frameworks */ = {
			isa = PBXGroup;
			children = (
				7C4960883502AD9726D1C1F1 /* Pods_RealmExample.framework */,
			);
			name = Frameworks;
			sourceTree = "<group>";
		};
		58D84E851231475F77E87A1A /* Pods */ = {
			isa = PBXGroup;
			children = (
				439E2521A0B90F908219CFD2 /* Pods-RealmExample.debug.xcconfig */,
				21E9145D280F8F62E6BF6F5C /* Pods-RealmExample.release.xcconfig */,
			);
			name = Pods;
			path = Pods;
			sourceTree = "<group>";
		};
		C59F1FEC259C82E400D86E5D = {
			isa = PBXGroup;
			children = (
				C59F1FF7259C82E400D86E5D /* RealmExample */,
				C59F1FF6259C82E400D86E5D /* Products */,
				58D84E851231475F77E87A1A /* Pods */,
				02290020BE392D8F04A5D8E4 /* Frameworks */,
			);
			sourceTree = "<group>";
		};
		C59F1FF6259C82E400D86E5D /* Products */ = {
			isa = PBXGroup;
			children = (
				C59F1FF5259C82E400D86E5D /* RealmExample.app */,
			);
			name = Products;
			sourceTree = "<group>";
		};
		C59F1FF7259C82E400D86E5D /* RealmExample */ = {
			isa = PBXGroup;
			children = (
				C59F1FF8259C82E400D86E5D /* AppDelegate.swift */,
				C59F1FFA259C82E400D86E5D /* SceneDelegate.swift */,
				C59F1FFC259C82E400D86E5D /* ViewController.swift */,
				C59F1FFE259C82E400D86E5D /* Main.storyboard */,
				C59F2001259C82E400D86E5D /* Assets.xcassets */,
				C59F2003259C82E400D86E5D /* LaunchScreen.storyboard */,
				C59F2006259C82E400D86E5D /* Info.plist */,
			);
			path = RealmExample;
			sourceTree = "<group>";
		};
/* End PBXGroup section */

/* Begin PBXNativeTarget section */
		C59F1FF4259C82E400D86E5D /* RealmExample */ = {
			isa = PBXNativeTarget;
			buildConfigurationList = C59F2009259C82E400D86E5D /* Build configuration list for PBXNativeTarget "RealmExample" */;
			buildPhases = (
				59DC91CA4518F97C93847876 /* [CP] Check Pods Manifest.lock */,
				C59F1FF1259C82E400D86E5D /* Sources */,
				C59F1FF2259C82E400D86E5D /* Frameworks */,
				C59F1FF3259C82E400D86E5D /* Resources */,
				A984846BB3D33E7F4CF8DE7A /* [CP] Embed Pods Frameworks */,
			);
			buildRules = (
			);
			dependencies = (
			);
			name = RealmExample;
			productName = RealmExample;
			productReference = C59F1FF5259C82E400D86E5D /* RealmExample.app */;
			productType = "com.apple.product-type.application";
		};
/* End PBXNativeTarget section */

/* Begin PBXProject section */
		C59F1FED259C82E400D86E5D /* Project object */ = {
			isa = PBXProject;
			attributes = {
				LastSwiftUpdateCheck = 1220;
				LastUpgradeCheck = 1220;
				TargetAttributes = {
					C59F1FF4259C82E400D86E5D = {
						CreatedOnToolsVersion = 12.2;
					};
				};
			};
			buildConfigurationList = C59F1FF0259C82E400D86E5D /* Build configuration list for PBXProject "RealmExample" */;
			compatibilityVersion = "Xcode 9.3";
			developmentRegion = en;
			hasScannedForEncodings = 0;
			knownRegions = (
				en,
				Base,
			);
			mainGroup = C59F1FEC259C82E400D86E5D;
			productRefGroup = C59F1FF6259C82E400D86E5D /* Products */;
			projectDirPath = "";
			projectRoot = "";
			targets = (
				C59F1FF4259C82E400D86E5D /* RealmExample */,
			);
		};
/* End PBXProject section */

/* Begin PBXResourcesBuildPhase section */
		C59F1FF3259C82E400D86E5D /* Resources */ = {
			isa = PBXResourcesBuildPhase;
			buildActionMask = 2147483647;
			files = (
				C59F2005259C82E400D86E5D /* LaunchScreen.storyboard in Resources */,
				C59F2002259C82E400D86E5D /* Assets.xcassets in Resources */,
				C59F2000259C82E400D86E5D /* Main.storyboard in Resources */,
			);
			runOnlyForDeploymentPostprocessing = 0;
		};
/* End PBXResourcesBuildPhase section */

/* Begin PBXShellScriptBuildPhase section */
		59DC91CA4518F97C93847876 /* [CP] Check Pods Manifest.lock */ = {
			isa = PBXShellScriptBuildPhase;
			buildActionMask = 2147483647;
			files = (
			);
			inputFileListPaths = (
			);
			inputPaths = (
				"${PODS_PODFILE_DIR_PATH}/Podfile.lock",
				"${PODS_ROOT}/Manifest.lock",
			);
			name = "[CP] Check Pods Manifest.lock";
			outputFileListPaths = (
			);
			outputPaths = (
				"$(DERIVED_FILE_DIR)/Pods-RealmExample-checkManifestLockResult.txt",
			);
			runOnlyForDeploymentPostprocessing = 0;
			shellPath = /bin/sh;
			shellScript = "diff \"${PODS_PODFILE_DIR_PATH}/Podfile.lock\" \"${PODS_ROOT}/Manifest.lock\" > /dev/null\nif [ $? != 0 ] ; then\n    # print error to STDERR\n    echo \"error: The sandbox is not in sync with the Podfile.lock. Run 'pod install' or update your CocoaPods installation.\" >&2\n    exit 1\nfi\n# This output is used by Xcode 'outputs' to avoid re-running this script phase.\necho \"SUCCESS\" > \"${SCRIPT_OUTPUT_FILE_0}\"\n";
			showEnvVarsInLog = 0;
		};
		A984846BB3D33E7F4CF8DE7A /* [CP] Embed Pods Frameworks */ = {
			isa = PBXShellScriptBuildPhase;
			buildActionMask = 2147483647;
			files = (
			);
			inputFileListPaths = (
				"${PODS_ROOT}/Target Support Files/Pods-RealmExample/Pods-RealmExample-frameworks-${CONFIGURATION}-input-files.xcfilelist",
			);
			name = "[CP] Embed Pods Frameworks";
			outputFileListPaths = (
				"${PODS_ROOT}/Target Support Files/Pods-RealmExample/Pods-RealmExample-frameworks-${CONFIGURATION}-output-files.xcfilelist",
			);
			runOnlyForDeploymentPostprocessing = 0;
			shellPath = /bin/sh;
			shellScript = "\"${PODS_ROOT}/Target Support Files/Pods-RealmExample/Pods-RealmExample-frameworks.sh\"\n";
			showEnvVarsInLog = 0;
		};
/* End PBXShellScriptBuildPhase section */

/* Begin PBXSourcesBuildPhase section */
		C59F1FF1259C82E400D86E5D /* Sources */ = {
			isa = PBXSourcesBuildPhase;
			buildActionMask = 2147483647;
			files = (
				C59F1FFD259C82E400D86E5D /* ViewController.swift in Sources */,
				C59F1FF9259C82E400D86E5D /* AppDelegate.swift in Sources */,
				C59F1FFB259C82E400D86E5D /* SceneDelegate.swift in Sources */,
			);
			runOnlyForDeploymentPostprocessing = 0;
		};
/* End PBXSourcesBuildPhase section */

/* Begin PBXVariantGroup section */
		C59F1FFE259C82E400D86E5D /* Main.storyboard */ = {
			isa = PBXVariantGroup;
			children = (
				C59F1FFF259C82E400D86E5D /* Base */,
			);
			name = Main.storyboard;
			sourceTree = "<group>";
		};
		C59F2003259C82E400D86E5D /* LaunchScreen.storyboard */ = {
			isa = PBXVariantGroup;
			children = (
				C59F2004259C82E400D86E5D /* Base */,
			);
			name = LaunchScreen.storyboard;
			sourceTree = "<group>";
		};
/* End PBXVariantGroup section */

/* Begin XCBuildConfiguration section */
		C59F2007259C82E400D86E5D /* Debug */ = {
			isa = XCBuildConfiguration;
			buildSettings = {
				ALWAYS_SEARCH_USER_PATHS = NO;
				CLANG_ANALYZER_NONNULL = YES;
				CLANG_ANALYZER_NUMBER_OBJECT_CONVERSION = YES_AGGRESSIVE;
				CLANG_CXX_LANGUAGE_STANDARD = "gnu++14";
				CLANG_CXX_LIBRARY = "libc++";
				CLANG_ENABLE_MODULES = YES;
				CLANG_ENABLE_OBJC_ARC = YES;
				CLANG_ENABLE_OBJC_WEAK = YES;
				CLANG_WARN_BLOCK_CAPTURE_AUTORELEASING = YES;
				CLANG_WARN_BOOL_CONVERSION = YES;
				CLANG_WARN_COMMA = YES;
				CLANG_WARN_CONSTANT_CONVERSION = YES;
				CLANG_WARN_DEPRECATED_OBJC_IMPLEMENTATIONS = YES;
				CLANG_WARN_DIRECT_OBJC_ISA_USAGE = YES_ERROR;
				CLANG_WARN_DOCUMENTATION_COMMENTS = YES;
				CLANG_WARN_EMPTY_BODY = YES;
				CLANG_WARN_ENUM_CONVERSION = YES;
				CLANG_WARN_INFINITE_RECURSION = YES;
				CLANG_WARN_INT_CONVERSION = YES;
				CLANG_WARN_NON_LITERAL_NULL_CONVERSION = YES;
				CLANG_WARN_OBJC_IMPLICIT_RETAIN_SELF = YES;
				CLANG_WARN_OBJC_LITERAL_CONVERSION = YES;
				CLANG_WARN_OBJC_ROOT_CLASS = YES_ERROR;
				CLANG_WARN_QUOTED_INCLUDE_IN_FRAMEWORK_HEADER = YES;
				CLANG_WARN_RANGE_LOOP_ANALYSIS = YES;
				CLANG_WARN_STRICT_PROTOTYPES = YES;
				CLANG_WARN_SUSPICIOUS_MOVE = YES;
				CLANG_WARN_UNGUARDED_AVAILABILITY = YES_AGGRESSIVE;
				CLANG_WARN_UNREACHABLE_CODE = YES;
				CLANG_WARN__DUPLICATE_METHOD_MATCH = YES;
				COPY_PHASE_STRIP = NO;
				DEBUG_INFORMATION_FORMAT = dwarf;
				ENABLE_STRICT_OBJC_MSGSEND = YES;
				ENABLE_TESTABILITY = YES;
				GCC_C_LANGUAGE_STANDARD = gnu11;
				GCC_DYNAMIC_NO_PIC = NO;
				GCC_NO_COMMON_BLOCKS = YES;
				GCC_OPTIMIZATION_LEVEL = 0;
				GCC_PREPROCESSOR_DEFINITIONS = (
					"DEBUG=1",
					"$(inherited)",
				);
				GCC_WARN_64_TO_32_BIT_CONVERSION = YES;
				GCC_WARN_ABOUT_RETURN_TYPE = YES_ERROR;
				GCC_WARN_UNDECLARED_SELECTOR = YES;
				GCC_WARN_UNINITIALIZED_AUTOS = YES_AGGRESSIVE;
				GCC_WARN_UNUSED_FUNCTION = YES;
				GCC_WARN_UNUSED_VARIABLE = YES;
				IPHONEOS_DEPLOYMENT_TARGET = 14.2;
				MTL_ENABLE_DEBUG_INFO = INCLUDE_SOURCE;
				MTL_FAST_MATH = YES;
				ONLY_ACTIVE_ARCH = YES;
				SDKROOT = iphoneos;
				SWIFT_ACTIVE_COMPILATION_CONDITIONS = DEBUG;
				SWIFT_OPTIMIZATION_LEVEL = "-Onone";
			};
			name = Debug;
		};
		C59F2008259C82E400D86E5D /* Release */ = {
			isa = XCBuildConfiguration;
			buildSettings = {
				ALWAYS_SEARCH_USER_PATHS = NO;
				CLANG_ANALYZER_NONNULL = YES;
				CLANG_ANALYZER_NUMBER_OBJECT_CONVERSION = YES_AGGRESSIVE;
				CLANG_CXX_LANGUAGE_STANDARD = "gnu++14";
				CLANG_CXX_LIBRARY = "libc++";
				CLANG_ENABLE_MODULES = YES;
				CLANG_ENABLE_OBJC_ARC = YES;
				CLANG_ENABLE_OBJC_WEAK = YES;
				CLANG_WARN_BLOCK_CAPTURE_AUTORELEASING = YES;
				CLANG_WARN_BOOL_CONVERSION = YES;
				CLANG_WARN_COMMA = YES;
				CLANG_WARN_CONSTANT_CONVERSION = YES;
				CLANG_WARN_DEPRECATED_OBJC_IMPLEMENTATIONS = YES;
				CLANG_WARN_DIRECT_OBJC_ISA_USAGE = YES_ERROR;
				CLANG_WARN_DOCUMENTATION_COMMENTS = YES;
				CLANG_WARN_EMPTY_BODY = YES;
				CLANG_WARN_ENUM_CONVERSION = YES;
				CLANG_WARN_INFINITE_RECURSION = YES;
				CLANG_WARN_INT_CONVERSION = YES;
				CLANG_WARN_NON_LITERAL_NULL_CONVERSION = YES;
				CLANG_WARN_OBJC_IMPLICIT_RETAIN_SELF = YES;
				CLANG_WARN_OBJC_LITERAL_CONVERSION = YES;
				CLANG_WARN_OBJC_ROOT_CLASS = YES_ERROR;
				CLANG_WARN_QUOTED_INCLUDE_IN_FRAMEWORK_HEADER = YES;
				CLANG_WARN_RANGE_LOOP_ANALYSIS = YES;
				CLANG_WARN_STRICT_PROTOTYPES = YES;
				CLANG_WARN_SUSPICIOUS_MOVE = YES;
				CLANG_WARN_UNGUARDED_AVAILABILITY = YES_AGGRESSIVE;
				CLANG_WARN_UNREACHABLE_CODE = YES;
				CLANG_WARN__DUPLICATE_METHOD_MATCH = YES;
				COPY_PHASE_STRIP = NO;
				DEBUG_INFORMATION_FORMAT = "dwarf-with-dsym";
				ENABLE_NS_ASSERTIONS = NO;
				ENABLE_STRICT_OBJC_MSGSEND = YES;
				GCC_C_LANGUAGE_STANDARD = gnu11;
				GCC_NO_COMMON_BLOCKS = YES;
				GCC_WARN_64_TO_32_BIT_CONVERSION = YES;
				GCC_WARN_ABOUT_RETURN_TYPE = YES_ERROR;
				GCC_WARN_UNDECLARED_SELECTOR = YES;
				GCC_WARN_UNINITIALIZED_AUTOS = YES_AGGRESSIVE;
				GCC_WARN_UNUSED_FUNCTION = YES;
				GCC_WARN_UNUSED_VARIABLE = YES;
				IPHONEOS_DEPLOYMENT_TARGET = 14.2;
				MTL_ENABLE_DEBUG_INFO = NO;
				MTL_FAST_MATH = YES;
				SDKROOT = iphoneos;
				SWIFT_COMPILATION_MODE = wholemodule;
				SWIFT_OPTIMIZATION_LEVEL = "-O";
				VALIDATE_PRODUCT = YES;
			};
			name = Release;
		};
		C59F200A259C82E400D86E5D /* Debug */ = {
			isa = XCBuildConfiguration;
			baseConfigurationReference = 439E2521A0B90F908219CFD2 /* Pods-RealmExample.debug.xcconfig */;
			buildSettings = {
				ASSETCATALOG_COMPILER_APPICON_NAME = AppIcon;
				ASSETCATALOG_COMPILER_GLOBAL_ACCENT_COLOR_NAME = AccentColor;
				CODE_SIGN_STYLE = Automatic;
				INFOPLIST_FILE = RealmExample/Info.plist;
				LD_RUNPATH_SEARCH_PATHS = (
					"$(inherited)",
					"@executable_path/Frameworks",
				);
				PRODUCT_BUNDLE_IDENTIFIER = com.example.RealmExample;
				PRODUCT_NAME = "$(TARGET_NAME)";
				SWIFT_VERSION = 5.0;
				TARGETED_DEVICE_FAMILY = "1,2";
			};
			name = Debug;
		};
		C59F200B259C82E400D86E5D /* Release */ = {
			isa = XCBuildConfiguration;
			baseConfigurationReference = 21E9145D280F8F62E6BF6F5C /* Pods-RealmExample.release.xcconfig */;
			buildSettings = {
				ASSETCATALOG_COMPILER_APPICON_NAME = AppIcon;
				ASSETCATALOG_COMPILER_GLOBAL_ACCENT_COLOR_NAME = AccentColor;
				CODE_SIGN_STYLE = Automatic;
				INFOPLIST_FILE = RealmExample/Info.plist;
				LD_RUNPATH_SEARCH_PATHS = (
					"$(inherited)",
					"@executable_path/Frameworks",
				);
				PRODUCT_BUNDLE_IDENTIFIER = com.example.RealmExample;
				PRODUCT_NAME = "$(TARGET_NAME)";
				SWIFT_VERSION = 5.0;
				TARGETED_DEVICE_FAMILY = "1,2";
			};
			name = Release;
		};
/* End XCBuildConfiguration section */

/* Begin XCConfigurationList section */
		C59F1FF0259C82E400D86E5D /* Build configuration list for PBXProject "RealmExample" */ = {
			isa = XCConfigurationList;
			buildConfigurations = (
				C59F2007259C82E400D86E5D /* Debug */,
				C59F2008259C82E400D86E5D /* Release */,
			);
			defaultConfigurationIsVisible = 0;
			defaultConfigurationName = Release;
		};
		C59F2009259C82E400D86E5D /* Build configuration list for PBXNativeTarget "RealmExample" */ = {
			isa = XCConfigurationList;
			buildConfigurations = (
				C59F200A259C82E400D86E5D /* Debug */,
				C59F200B259C82E400D86E5D /* Release */,
			);
			defaultConfigurationIsVisible = 0;
			defaultConfigurationName = Release;
		};
/* End XCConfigurationList section */
	};
	rootObject = C59F1FED259C82E400D86E5D /* Project object */;
}
